
Microsoft Visual Studio Solution File, Format Version 12.00
# Visual Studio Version 16
VisualStudioVersion = 16.0.31005.135
MinimumVisualStudioVersion = 10.0.40219.1
Project("{FAE04EC0-301F-11D3-BF4B-00C04F79EFBC}") = "BowlingLeague", "BowlingLeague.csproj", "{73C7B170-70D4-4FA9-9E1D-B04FBF1227D4}"
EndProject
Global
	GlobalSection(SolutionConfigurationPlatforms) = preSolution
		Debug|Any CPU = Debug|Any CPU
		Release|Any CPU = Release|Any CPU
	EndGlobalSection
	GlobalSection(ProjectConfigurationPlatforms) = postSolution
		{73C7B170-70D4-4FA9-9E1D-B04FBF1227D4}.Debug|Any CPU.ActiveCfg = Debug|Any CPU
		{73C7B170-70D4-4FA9-9E1D-B04FBF1227D4}.Debug|Any CPU.Build.0 = Debug|Any CPU
		{73C7B170-70D4-4FA9-9E1D-B04FBF1227D4}.Release|Any CPU.ActiveCfg = Release|Any CPU
		{73C7B170-70D4-4FA9-9E1D-B04FBF1227D4}.Release|Any CPU.Build.0 = Release|Any CPU
	EndGlobalSection
	GlobalSection(SolutionProperties) = preSolution
		HideSolutionNode = FALSE
	EndGlobalSection
	GlobalSection(ExtensibilityGlobals) = postSolution
		SolutionGuid = {268892BE-F422-4F90-B157-B68BF76D4FBC}
	EndGlobalSection
EndGlobal
